
Microsoft Visual Studio Solution File, Format Version 12.00
# Visual Studio 15
VisualStudioVersion = 15.0.27130.2020
MinimumVisualStudioVersion = 10.0.40219.1
Project("{8BC9CEB8-8B4A-11D0-8D11-00A0C91BC942}") = "LanguageKnock_04", "LanguageKnock_04\LanguageKnock_04.vcxproj", "{BC625A2E-8470-4EAA-921E-787649C6E9D5}"
EndProject
Global
	GlobalSection(SolutionConfigurationPlatforms) = preSolution
		Debug|x64 = Debug|x64
		Debug|x86 = Debug|x86
		Release|x64 = Release|x64
		Release|x86 = Release|x86
	EndGlobalSection
	GlobalSection(ProjectConfigurationPlatforms) = postSolution
		{BC625A2E-8470-4EAA-921E-787649C6E9D5}.Debug|x64.ActiveCfg = Debug|x64
		{BC625A2E-8470-4EAA-921E-787649C6E9D5}.Debug|x64.Build.0 = Debug|x64
		{BC625A2E-8470-4EAA-921E-787649C6E9D5}.Debug|x86.ActiveCfg = Debug|Win32
		{BC625A2E-8470-4EAA-921E-787649C6E9D5}.Debug|x86.Build.0 = Debug|Win32
		{BC625A2E-8470-4EAA-921E-787649C6E9D5}.Release|x64.ActiveCfg = Release|x64
		{BC625A2E-8470-4EAA-921E-787649C6E9D5}.Release|x64.Build.0 = Release|x64
		{BC625A2E-8470-4EAA-921E-787649C6E9D5}.Release|x86.ActiveCfg = Release|Win32
		{BC625A2E-8470-4EAA-921E-787649C6E9D5}.Release|x86.Build.0 = Release|Win32
	EndGlobalSection
	GlobalSection(SolutionProperties) = preSolution
		HideSolutionNode = FALSE
	EndGlobalSection
	GlobalSection(ExtensibilityGlobals) = postSolution
		SolutionGuid = {3E60D6B2-223F-47F5-B70B-DF548F7E556F}
	EndGlobalSection
EndGlobal
